
Microsoft Visual Studio Solution File, Format Version 12.00
# Visual Studio 14
VisualStudioVersion = 14.0.25123.0
MinimumVisualStudioVersion = 10.0.40219.1
Project("{FAE04EC0-301F-11D3-BF4B-00C04F79EFBC}") = "terminalWebRole", "terminalWebRole\terminalWebRole.csproj", "{8C7F0CB5-9CD8-40D8-A539-51F451CCB29E}"
EndProject
Project("{2150E333-8FDC-42A3-9474-1A3956D46DE8}") = ".nuget", ".nuget", "{E6188B14-48C9-4EB7-803E-51E126066B45}"
EndProject
Project("{CC5FD16D-436D-48AD-A40C-5A424C6E3E79}") = "terminalCloudService", "terminalCloudService\terminalCloudService.ccproj", "{4E494560-EC62-4F1F-9CA6-18727759222B}"
EndProject
Global
	GlobalSection(SolutionConfigurationPlatforms) = preSolution
		Debug|Any CPU = Debug|Any CPU
		Demo|Any CPU = Demo|Any CPU
		Dev|Any CPU = Dev|Any CPU
		Release|Any CPU = Release|Any CPU
	EndGlobalSection
	GlobalSection(ProjectConfigurationPlatforms) = postSolution
		{8C7F0CB5-9CD8-40D8-A539-51F451CCB29E}.Debug|Any CPU.ActiveCfg = Debug|Any CPU
		{8C7F0CB5-9CD8-40D8-A539-51F451CCB29E}.Debug|Any CPU.Build.0 = Debug|Any CPU
		{8C7F0CB5-9CD8-40D8-A539-51F451CCB29E}.Demo|Any CPU.ActiveCfg = Demo|Any CPU
		{8C7F0CB5-9CD8-40D8-A539-51F451CCB29E}.Demo|Any CPU.Build.0 = Demo|Any CPU
		{8C7F0CB5-9CD8-40D8-A539-51F451CCB29E}.Dev|Any CPU.ActiveCfg = Dev|Any CPU
		{8C7F0CB5-9CD8-40D8-A539-51F451CCB29E}.Dev|Any CPU.Build.0 = Dev|Any CPU
		{8C7F0CB5-9CD8-40D8-A539-51F451CCB29E}.Release|Any CPU.ActiveCfg = Release|Any CPU
		{8C7F0CB5-9CD8-40D8-A539-51F451CCB29E}.Release|Any CPU.Build.0 = Release|Any CPU
		{4E494560-EC62-4F1F-9CA6-18727759222B}.Debug|Any CPU.ActiveCfg = Debug|Any CPU
		{4E494560-EC62-4F1F-9CA6-18727759222B}.Debug|Any CPU.Build.0 = Debug|Any CPU
		{4E494560-EC62-4F1F-9CA6-18727759222B}.Demo|Any CPU.ActiveCfg = Demo|Any CPU
		{4E494560-EC62-4F1F-9CA6-18727759222B}.Demo|Any CPU.Build.0 = Demo|Any CPU
		{4E494560-EC62-4F1F-9CA6-18727759222B}.Dev|Any CPU.ActiveCfg = Dev|Any CPU
		{4E494560-EC62-4F1F-9CA6-18727759222B}.Dev|Any CPU.Build.0 = Dev|Any CPU
		{4E494560-EC62-4F1F-9CA6-18727759222B}.Release|Any CPU.ActiveCfg = Release|Any CPU
		{4E494560-EC62-4F1F-9CA6-18727759222B}.Release|Any CPU.Build.0 = Release|Any CPU
	EndGlobalSection
	GlobalSection(SolutionProperties) = preSolution
		HideSolutionNode = FALSE
	EndGlobalSection
EndGlobal
